// !$*UTF8*$!
{
	archiveVersion = 1;
	classes = {
	};
	objectVersion = 77;
	objects = {

/* Begin PBXBuildFile section */
		E86311612F9C941A00100D2C /* LaTeXSwiftUI in Frameworks */ = {isa = PBXBuildFile; productRef = E86311602F9C941A00100D2C /* LaTeXSwiftUI */; };
		E86311632F9C942200100D2C /* LaTeXSwiftUI in Frameworks */ = {isa = PBXBuildFile; productRef = E86311622F9C942200100D2C /* LaTeXSwiftUI */; };
		E89F38D72F9C9250008837CD /* LaTeXSwiftUI in Frameworks */ = {isa = PBXBuildFile; productRef = E89F38D62F9C9250008837CD /* LaTeXSwiftUI */; };
/* End PBXBuildFile section */

/* Begin PBXContainerItemProxy section */
		E89F38AE2F9C45EF008837CD /* PBXContainerItemProxy */ = {
			isa = PBXContainerItemProxy;
			containerPortal = E89F38982F9C45EE008837CD /* Project object */;
			proxyType = 1;
			remoteGlobalIDString = E89F389F2F9C45EE008837CD;
			remoteInfo = ChemGlass;
		};
		E89F38B82F9C45EF008837CD /* PBXContainerItemProxy */ = {
			isa = PBXContainerItemProxy;
			containerPortal = E89F38982F9C45EE008837CD /* Project object */;
			proxyType = 1;
			remoteGlobalIDString = E89F389F2F9C45EE008837CD;
			remoteInfo = ChemGlass;
		};
/* End PBXContainerItemProxy section */

/* Begin PBXFileReference section */
		E89F38A02F9C45EE008837CD /* ChemGlass.app */ = {isa = PBXFileReference; explicitFileType = wrapper.application; includeInIndex = 0; path = ChemGlass.app; sourceTree = BUILT_PRODUCTS_DIR; };
		E89F38AD2F9C45EF008837CD /* ChemGlassTests.xctest */ = {isa = PBXFileReference; explicitFileType = wrapper.cfbundle; includeInIndex = 0; path = ChemGlassTests.xctest; sourceTree = BUILT_PRODUCTS_DIR; };
		E89F38B72F9C45EF008837CD /* ChemGlassUITests.xctest */ = {isa = PBXFileReference; explicitFileType = wrapper.cfbundle; includeInIndex = 0; path = ChemGlassUITests.xctest; sourceTree = BUILT_PRODUCTS_DIR; };
/* End PBXFileReference section */

/* Begin PBXFileSystemSynchronizedRootGroup section */
		E89F38A22F9C45EE008837CD /* ChemGlass */ = {
			isa = PBXFileSystemSynchronizedRootGroup;
			path = ChemGlass;
			sourceTree = "<group>";
		};
		E89F38B02F9C45EF008837CD /* ChemGlassTests */ = {
			isa = PBXFileSystemSynchronizedRootGroup;
			path = ChemGlassTests;
			sourceTree = "<group>";
		};
		E89F38BA2F9C45EF008837CD /* ChemGlassUITests */ = {
			isa = PBXFileSystemSynchronizedRootGroup;
			path = ChemGlassUITests;
			sourceTree = "<group>";
		};
/* End PBXFileSystemSynchronizedRootGroup section */

/* Begin PBXFrameworksBuildPhase section */
		E89F389D2F9C45EE008837CD /* Frameworks */ = {
			isa = PBXFrameworksBuildPhase;
			buildActionMask = 2147483647;
			files = (
				E86311632F9C942200100D2C /* LaTeXSwiftUI in Frameworks */,
			);
			runOnlyForDeploymentPostprocessing = 0;
		};
		E89F38AA2F9C45EF008837CD /* Frameworks */ = {
			isa = PBXFrameworksBuildPhase;
			buildActionMask = 2147483647;
			files = (
				E89F38D72F9C9250008837CD /* LaTeXSwiftUI in Frameworks */,
			);
			runOnlyForDeploymentPostprocessing = 0;
		};
		E89F38B42F9C45EF008837CD /* Frameworks */ = {
			isa = PBXFrameworksBuildPhase;
			buildActionMask = 2147483647;
			files = (
				E86311612F9C941A00100D2C /* LaTeXSwiftUI in Frameworks */,
			);
			runOnlyForDeploymentPostprocessing = 0;
		};
/* End PBXFrameworksBuildPhase section */

/* Begin PBXGroup section */
		E89F38972F9C45EE008837CD = {
			isa = PBXGroup;
			children = (
				E89F38A22F9C45EE008837CD /* ChemGlass */,
				E89F38B02F9C45EF008837CD /* ChemGlassTests */,
				E89F38BA2F9C45EF008837CD /* ChemGlassUITests */,
				E89F38D52F9C924C008837CD /* Frameworks */,
				E89F38A12F9C45EE008837CD /* Products */,
			);
			sourceTree = "<group>";
		};
		E89F38A12F9C45EE008837CD /* Products */ = {
			isa = PBXGroup;
			children = (
				E89F38A02F9C45EE008837CD /* ChemGlass.app */,
				E89F38AD2F9C45EF008837CD /* ChemGlassTests.xctest */,
				E89F38B72F9C45EF008837CD /* ChemGlassUITests.xctest */,
			);
			name = Products;
			sourceTree = "<group>";
		};
		E89F38D52F9C924C008837CD /* Frameworks */ = {
			isa = PBXGroup;
			children = (
			);
			name = Frameworks;
			sourceTree = "<group>";
		};
/* End PBXGroup section */

/* Begin PBXNativeTarget section */
		E89F389F2F9C45EE008837CD /* ChemGlass */ = {
			isa = PBXNativeTarget;
			buildConfigurationList = E89F38C12F9C45EF008837CD /* Build configuration list for PBXNativeTarget "ChemGlass" */;
			buildPhases = (
				E89F389C2F9C45EE008837CD /* Sources */,
				E89F389D2F9C45EE008837CD /* Frameworks */,
				E89F389E2F9C45EE008837CD /* Resources */,
			);
			buildRules = (
			);
			dependencies = (
			);
			fileSystemSynchronizedGroups = (
				E89F38A22F9C45EE008837CD /* ChemGlass */,
			);
			name = ChemGlass;
			packageProductDependencies = (
				E86311622F9C942200100D2C /* LaTeXSwiftUI */,
			);
			productName = ChemGlass;
			productReference = E89F38A02F9C45EE008837CD /* ChemGlass.app */;
			productType = "com.apple.product-type.application";
		};
		E89F38AC2F9C45EF008837CD /* ChemGlassTests */ = {
			isa = PBXNativeTarget;
			buildConfigurationList = E89F38C42F9C45EF008837CD /* Build configuration list for PBXNativeTarget "ChemGlassTests" */;
			buildPhases = (
				E89F38A92F9C45EF008837CD /* Sources */,
				E89F38AA2F9C45EF008837CD /* Frameworks */,
				E89F38AB2F9C45EF008837CD /* Resources */,
			);
			buildRules = (
			);
			dependencies = (
				E89F38AF2F9C45EF008837CD /* PBXTargetDependency */,
			);
			fileSystemSynchronizedGroups = (
				E89F38B02F9C45EF008837CD /* ChemGlassTests */,
			);
			name = ChemGlassTests;
			packageProductDependencies = (
				E89F38D62F9C9250008837CD /* LaTeXSwiftUI */,
			);
			productName = ChemGlassTests;
			productReference = E89F38AD2F9C45EF008837CD /* ChemGlassTests.xctest */;
			productType = "com.apple.product-type.bundle.unit-test";
		};
		E89F38B62F9C45EF008837CD /* ChemGlassUITests */ = {
			isa = PBXNativeTarget;
			buildConfigurationList = E89F38C72F9C45EF008837CD /* Build configuration list for PBXNativeTarget "ChemGlassUITests" */;
			buildPhases = (
				E89F38B32F9C45EF008837CD /* Sources */,
				E89F38B42F9C45EF008837CD /* Frameworks */,
				E89F38B52F9C45EF008837CD /* Resources */,
			);
			buildRules = (
			);
			dependencies = (
				E89F38B92F9C45EF008837CD /* PBXTargetDependency */,
			);
			fileSystemSynchronizedGroups = (
				E89F38BA2F9C45EF008837CD /* ChemGlassUITests */,
			);
			name = ChemGlassUITests;
			packageProductDependencies = (
				E86311602F9C941A00100D2C /* LaTeXSwiftUI */,
			);
			productName = ChemGlassUITests;
			productReference = E89F38B72F9C45EF008837CD /* ChemGlassUITests.xctest */;
			productType = "com.apple.product-type.bundle.ui-testing";
		};
/* End PBXNativeTarget section */

/* Begin PBXProject section */
		E89F38982F9C45EE008837CD /* Project object */ = {
			isa = PBXProject;
			attributes = {
				BuildIndependentTargetsInParallel = 1;
				LastSwiftUpdateCheck = 2620;
				LastUpgradeCheck = 2620;
				TargetAttributes = {
					E89F389F2F9C45EE008837CD = {
						CreatedOnToolsVersion = 26.2;
					};
					E89F38AC2F9C45EF008837CD = {
						CreatedOnToolsVersion = 26.2;
						TestTargetID = E89F389F2F9C45EE008837CD;
					};
					E89F38B62F9C45EF008837CD = {
						CreatedOnToolsVersion = 26.2;
						TestTargetID = E89F389F2F9C45EE008837CD;
					};
				};
			};
			buildConfigurationList = E89F389B2F9C45EE008837CD /* Build configuration list for PBXProject "ChemGlass" */;
			developmentRegion = en;
			hasScannedForEncodings = 0;
			knownRegions = (
				en,
				Base,
			);
			mainGroup = E89F38972F9C45EE008837CD;
			minimizedProjectReferenceProxies = 1;
			packageReferences = (
				E89F38D42F9C919D008837CD /* XCRemoteSwiftPackageReference "LaTeXSwiftUI" */,
			);
			preferredProjectObjectVersion = 77;
			productRefGroup = E89F38A12F9C45EE008837CD /* Products */;
			projectDirPath = "";
			projectRoot = "";
			targets = (
				E89F389F2F9C45EE008837CD /* ChemGlass */,
				E89F38AC2F9C45EF008837CD /* ChemGlassTests */,
				E89F38B62F9C45EF008837CD /* ChemGlassUITests */,
			);
		};
/* End PBXProject section */

/* Begin PBXResourcesBuildPhase section */
		E89F389E2F9C45EE008837CD /* Resources */ = {
			isa = PBXResourcesBuildPhase;
			buildActionMask = 2147483647;
			files = (
			);
			runOnlyForDeploymentPostprocessing = 0;
		};
		E89F38AB2F9C45EF008837CD /* Resources */ = {
			isa = PBXResourcesBuildPhase;
			buildActionMask = 2147483647;
			files = (
			);
			runOnlyForDeploymentPostprocessing = 0;
		};
		E89F38B52F9C45EF008837CD /* Resources */ = {
			isa = PBXResourcesBuildPhase;
			buildActionMask = 2147483647;
			files = (
			);
			runOnlyForDeploymentPostprocessing = 0;
		};
/* End PBXResourcesBuildPhase section */

/* Begin PBXSourcesBuildPhase section */
		E89F389C2F9C45EE008837CD /* Sources */ = {
			isa = PBXSourcesBuildPhase;
			buildActionMask = 2147483647;
			files = (
			);
			runOnlyForDeploymentPostprocessing = 0;
		};
		E89F38A92F9C45EF008837CD /* Sources */ = {
			isa = PBXSourcesBuildPhase;
			buildActionMask = 2147483647;
			files = (
			);
			runOnlyForDeploymentPostprocessing = 0;
		};
		E89F38B32F9C45EF008837CD /* Sources */ = {
			isa = PBXSourcesBuildPhase;
			buildActionMask = 2147483647;
			files = (
			);
			runOnlyForDeploymentPostprocessing = 0;
		};
/* End PBXSourcesBuildPhase section */

/* Begin PBXTargetDependency section */
		E89F38AF2F9C45EF008837CD /* PBXTargetDependency */ = {
			isa = PBXTargetDependency;
			target = E89F389F2F9C45EE008837CD /* ChemGlass */;
			targetProxy = E89F38AE2F9C45EF008837CD /* PBXContainerItemProxy */;
		};
		E89F38B92F9C45EF008837CD /* PBXTargetDependency */ = {
			isa = PBXTargetDependency;
			target = E89F389F2F9C45EE008837CD /* ChemGlass */;
			targetProxy = E89F38B82F9C45EF008837CD /* PBXContainerItemProxy */;
		};
/* End PBXTargetDependency section */

/* Begin XCBuildConfiguration section */
		E89F38BF2F9C45EF008837CD /* Debug */ = {
			isa = XCBuildConfiguration;
			buildSettings = {
				ALWAYS_SEARCH_USER_PATHS = NO;
				ASSETCATALOG_COMPILER_GENERATE_SWIFT_ASSET_SYMBOL_EXTENSIONS = YES;
				CLANG_ANALYZER_NONNULL = YES;
				CLANG_ANALYZER_NUMBER_OBJECT_CONVERSION = YES_AGGRESSIVE;
				CLANG_CXX_LANGUAGE_STANDARD = "gnu++20";
				CLANG_ENABLE_MODULES = YES;
				CLANG_ENABLE_OBJC_ARC = YES;
				CLANG_ENABLE_OBJC_WEAK = YES;
				CLANG_WARN_BLOCK_CAPTURE_AUTORELEASING = YES;
				CLANG_WARN_BOOL_CONVERSION = YES;
				CLANG_WARN_COMMA = YES;
				CLANG_WARN_CONSTANT_CONVERSION = YES;
				CLANG_WARN_DEPRECATED_OBJC_IMPLEMENTATIONS = YES;
				CLANG_WARN_DIRECT_OBJC_ISA_USAGE = YES_ERROR;
				CLANG_WARN_DOCUMENTATION_COMMENTS = YES;
				CLANG_WARN_EMPTY_BODY = YES;
				CLANG_WARN_ENUM_CONVERSION = YES;
				CLANG_WARN_INFINITE_RECURSION = YES;
				CLANG_WARN_INT_CONVERSION = YES;
				CLANG_WARN_NON_LITERAL_NULL_CONVERSION = YES;
				CLANG_WARN_OBJC_IMPLICIT_RETAIN_SELF = YES;
				CLANG_WARN_OBJC_LITERAL_CONVERSION = YES;
				CLANG_WARN_OBJC_ROOT_CLASS = YES_ERROR;
				CLANG_WARN_QUOTED_INCLUDE_IN_FRAMEWORK_HEADER = YES;
				CLANG_WARN_RANGE_LOOP_ANALYSIS = YES;
				CLANG_WARN_STRICT_PROTOTYPES = YES;
				CLANG_WARN_SUSPICIOUS_MOVE = YES;
				CLANG_WARN_UNGUARDED_AVAILABILITY = YES_AGGRESSIVE;
				CLANG_WARN_UNREACHABLE_CODE = YES;
				CLANG_WARN__DUPLICATE_METHOD_MATCH = YES;
				COPY_PHASE_STRIP = NO;
				DEBUG_INFORMATION_FORMAT = dwarf;
				ENABLE_STRICT_OBJC_MSGSEND = YES;
				ENABLE_TESTABILITY = YES;
				ENABLE_USER_SCRIPT_SANDBOXING = YES;
				GCC_C_LANGUAGE_STANDARD = gnu17;
				GCC_DYNAMIC_NO_PIC = NO;
				GCC_NO_COMMON_BLOCKS = YES;
				GCC_OPTIMIZATION_LEVEL = 0;
				GCC_PREPROCESSOR_DEFINITIONS = (
					"DEBUG=1",
					"$(inherited)",
				);
				GCC_WARN_64_TO_32_BIT_CONVERSION = YES;
				GCC_WARN_ABOUT_RETURN_TYPE = YES_ERROR;
				GCC_WARN_UNDECLARED_SELECTOR = YES;
				GCC_WARN_UNINITIALIZED_AUTOS = YES_AGGRESSIVE;
				GCC_WARN_UNUSED_FUNCTION = YES;
				GCC_WARN_UNUSED_VARIABLE = YES;
				LOCALIZATION_PREFERS_STRING_CATALOGS = YES;
				MACOSX_DEPLOYMENT_TARGET = 26.2;
				MTL_ENABLE_DEBUG_INFO = INCLUDE_SOURCE;
				MTL_FAST_MATH = YES;
				ONLY_ACTIVE_ARCH = YES;
				SDKROOT = macosx;
				SWIFT_ACTIVE_COMPILATION_CONDITIONS = "DEBUG $(inherited)";
				SWIFT_OPTIMIZATION_LEVEL = "-Onone";
			};
			name = Debug;
		};
		E89F38C02F9C45EF008837CD /* Release */ = {
			isa = XCBuildConfiguration;
			buildSettings = {
				ALWAYS_SEARCH_USER_PATHS = NO;
				ASSETCATALOG_COMPILER_GENERATE_SWIFT_ASSET_SYMBOL_EXTENSIONS = YES;
				CLANG_ANALYZER_NONNULL = YES;
				CLANG_ANALYZER_NUMBER_OBJECT_CONVERSION = YES_AGGRESSIVE;
				CLANG_CXX_LANGUAGE_STANDARD = "gnu++20";
				CLANG_ENABLE_MODULES = YES;
				CLANG_ENABLE_OBJC_ARC = YES;
				CLANG_ENABLE_OBJC_WEAK = YES;
				CLANG_WARN_BLOCK_CAPTURE_AUTORELEASING = YES;
				CLANG_WARN_BOOL_CONVERSION = YES;
				CLANG_WARN_COMMA = YES;
				CLANG_WARN_CONSTANT_CONVERSION = YES;
				CLANG_WARN_DEPRECATED_OBJC_IMPLEMENTATIONS = YES;
				CLANG_WARN_DIRECT_OBJC_ISA_USAGE = YES_ERROR;
				CLANG_WARN_DOCUMENTATION_COMMENTS = YES;
				CLANG_WARN_EMPTY_BODY = YES;
				CLANG_WARN_ENUM_CONVERSION = YES;
				CLANG_WARN_INFINITE_RECURSION = YES;
				CLANG_WARN_INT_CONVERSION = YES;
				CLANG_WARN_NON_LITERAL_NULL_CONVERSION = YES;
				CLANG_WARN_OBJC_IMPLICIT_RETAIN_SELF = YES;
				CLANG_WARN_OBJC_LITERAL_CONVERSION = YES;
				CLANG_WARN_OBJC_ROOT_CLASS = YES_ERROR;
				CLANG_WARN_QUOTED_INCLUDE_IN_FRAMEWORK_HEADER = YES;
				CLANG_WARN_RANGE_LOOP_ANALYSIS = YES;
				CLANG_WARN_STRICT_PROTOTYPES = YES;
				CLANG_WARN_SUSPICIOUS_MOVE = YES;
				CLANG_WARN_UNGUARDED_AVAILABILITY = YES_AGGRESSIVE;
				CLANG_WARN_UNREACHABLE_CODE = YES;
				CLANG_WARN__DUPLICATE_METHOD_MATCH = YES;
				COPY_PHASE_STRIP = NO;
				DEBUG_INFORMATION_FORMAT = "dwarf-with-dsym";
				ENABLE_NS_ASSERTIONS = NO;
				ENABLE_STRICT_OBJC_MSGSEND = YES;
				ENABLE_USER_SCRIPT_SANDBOXING = YES;
				GCC_C_LANGUAGE_STANDARD = gnu17;
				GCC_NO_COMMON_BLOCKS = YES;
				GCC_WARN_64_TO_32_BIT_CONVERSION = YES;
				GCC_WARN_ABOUT_RETURN_TYPE = YES_ERROR;
				GCC_WARN_UNDECLARED_SELECTOR = YES;
				GCC_WARN_UNINITIALIZED_AUTOS = YES_AGGRESSIVE;
				GCC_WARN_UNUSED_FUNCTION = YES;
				GCC_WARN_UNUSED_VARIABLE = YES;
				LOCALIZATION_PREFERS_STRING_CATALOGS = YES;
				MACOSX_DEPLOYMENT_TARGET = 26.2;
				MTL_ENABLE_DEBUG_INFO = NO;
				MTL_FAST_MATH = YES;
				SDKROOT = macosx;
				SWIFT_COMPILATION_MODE = wholemodule;
			};
			name = Release;
		};
		E89F38C22F9C45EF008837CD /* Debug */ = {
			isa = XCBuildConfiguration;
			buildSettings = {
				ASSETCATALOG_COMPILER_APPICON_NAME = AppIcon;
				ASSETCATALOG_COMPILER_GLOBAL_ACCENT_COLOR_NAME = AccentColor;
				CODE_SIGN_STYLE = Automatic;
				COMBINE_HIDPI_IMAGES = YES;
				CURRENT_PROJECT_VERSION = 1;
				ENABLE_APP_SANDBOX = YES;
				ENABLE_INCOMING_NETWORK_CONNECTIONS = NO;
				ENABLE_OUTGOING_NETWORK_CONNECTIONS = YES;
				ENABLE_PREVIEWS = YES;
				ENABLE_RESOURCE_ACCESS_AUDIO_INPUT = NO;
				ENABLE_RESOURCE_ACCESS_BLUETOOTH = NO;
				ENABLE_RESOURCE_ACCESS_CALENDARS = NO;
				ENABLE_RESOURCE_ACCESS_CAMERA = NO;
				ENABLE_RESOURCE_ACCESS_CONTACTS = NO;
				ENABLE_RESOURCE_ACCESS_LOCATION = NO;
				ENABLE_RESOURCE_ACCESS_PRINTING = NO;
				ENABLE_RESOURCE_ACCESS_USB = NO;
				ENABLE_USER_SELECTED_FILES = readonly;
				GENERATE_INFOPLIST_FILE = YES;
				INFOPLIST_KEY_NSHumanReadableCopyright = "";
				LD_RUNPATH_SEARCH_PATHS = (
					"$(inherited)",
					"@executable_path/../Frameworks",
				);
				MARKETING_VERSION = 1.0;
				PRODUCT_BUNDLE_IDENTIFIER = Plasmr.ChemGlass;
				PRODUCT_NAME = "$(TARGET_NAME)";
				REGISTER_APP_GROUPS = YES;
				STRING_CATALOG_GENERATE_SYMBOLS = YES;
				SWIFT_APPROACHABLE_CONCURRENCY = YES;
				SWIFT_DEFAULT_ACTOR_ISOLATION = MainActor;
				SWIFT_EMIT_LOC_STRINGS = YES;
				SWIFT_UPCOMING_FEATURE_MEMBER_IMPORT_VISIBILITY = YES;
				SWIFT_VERSION = 5.0;
			};
			name = Debug;
		};
		E89F38C32F9C45EF008837CD /* Release */ = {
			isa = XCBuildConfiguration;
			buildSettings = {
				ASSETCATALOG_COMPILER_APPICON_NAME = AppIcon;
				ASSETCATALOG_COMPILER_GLOBAL_ACCENT_COLOR_NAME = AccentColor;
				CODE_SIGN_STYLE = Automatic;
				COMBINE_HIDPI_IMAGES = YES;
				CURRENT_PROJECT_VERSION = 1;
				ENABLE_APP_SANDBOX = YES;
				ENABLE_INCOMING_NETWORK_CONNECTIONS = NO;
				ENABLE_OUTGOING_NETWORK_CONNECTIONS = YES;
				ENABLE_PREVIEWS = YES;
				ENABLE_RESOURCE_ACCESS_AUDIO_INPUT = NO;
				ENABLE_RESOURCE_ACCESS_BLUETOOTH = NO;
				ENABLE_RESOURCE_ACCESS_CALENDARS = NO;
				ENABLE_RESOURCE_ACCESS_CAMERA = NO;
				ENABLE_RESOURCE_ACCESS_CONTACTS = NO;
				ENABLE_RESOURCE_ACCESS_LOCATION = NO;
				ENABLE_RESOURCE_ACCESS_PRINTING = NO;
				ENABLE_RESOURCE_ACCESS_USB = NO;
				ENABLE_USER_SELECTED_FILES = readonly;
				GENERATE_INFOPLIST_FILE = YES;
				INFOPLIST_KEY_NSHumanReadableCopyright = "";
				LD_RUNPATH_SEARCH_PATHS = (
					"$(inherited)",
					"@executable_path/../Frameworks",
				);
				MARKETING_VERSION = 1.0;
				PRODUCT_BUNDLE_IDENTIFIER = Plasmr.ChemGlass;
				PRODUCT_NAME = "$(TARGET_NAME)";
				REGISTER_APP_GROUPS = YES;
				STRING_CATALOG_GENERATE_SYMBOLS = YES;
				SWIFT_APPROACHABLE_CONCURRENCY = YES;
				SWIFT_DEFAULT_ACTOR_ISOLATION = MainActor;
				SWIFT_EMIT_LOC_STRINGS = YES;
				SWIFT_UPCOMING_FEATURE_MEMBER_IMPORT_VISIBILITY = YES;
				SWIFT_VERSION = 5.0;
			};
			name = Release;
		};
		E89F38C52F9C45EF008837CD /* Debug */ = {
			isa = XCBuildConfiguration;
			buildSettings = {
				BUNDLE_LOADER = "$(TEST_HOST)";
				CODE_SIGN_STYLE = Automatic;
				CURRENT_PROJECT_VERSION = 1;
				GENERATE_INFOPLIST_FILE = YES;
				MACOSX_DEPLOYMENT_TARGET = 26.2;
				MARKETING_VERSION = 1.0;
				PRODUCT_BUNDLE_IDENTIFIER = Plasmr.ChemGlassTests;
				PRODUCT_NAME = "$(TARGET_NAME)";
				STRING_CATALOG_GENERATE_SYMBOLS = NO;
				SWIFT_APPROACHABLE_CONCURRENCY = YES;
				SWIFT_EMIT_LOC_STRINGS = NO;
				SWIFT_UPCOMING_FEATURE_MEMBER_IMPORT_VISIBILITY = YES;
				SWIFT_VERSION = 5.0;
				TEST_HOST = "$(BUILT_PRODUCTS_DIR)/ChemGlass.app/$(BUNDLE_EXECUTABLE_FOLDER_PATH)/ChemGlass";
			};
			name = Debug;
		};
		E89F38C62F9C45EF008837CD /* Release */ = {
			isa = XCBuildConfiguration;
			buildSettings = {
				BUNDLE_LOADER = "$(TEST_HOST)";
				CODE_SIGN_STYLE = Automatic;
				CURRENT_PROJECT_VERSION = 1;
				GENERATE_INFOPLIST_FILE = YES;
				MACOSX_DEPLOYMENT_TARGET = 26.2;
				MARKETING_VERSION = 1.0;
				PRODUCT_BUNDLE_IDENTIFIER = Plasmr.ChemGlassTests;
				PRODUCT_NAME = "$(TARGET_NAME)";
				STRING_CATALOG_GENERATE_SYMBOLS = NO;
				SWIFT_APPROACHABLE_CONCURRENCY = YES;
				SWIFT_EMIT_LOC_STRINGS = NO;
				SWIFT_UPCOMING_FEATURE_MEMBER_IMPORT_VISIBILITY = YES;
				SWIFT_VERSION = 5.0;
				TEST_HOST = "$(BUILT_PRODUCTS_DIR)/ChemGlass.app/$(BUNDLE_EXECUTABLE_FOLDER_PATH)/ChemGlass";
			};
			name = Release;
		};
		E89F38C82F9C45EF008837CD /* Debug */ = {
			isa = XCBuildConfiguration;
			buildSettings = {
				CODE_SIGN_STYLE = Automatic;
				CURRENT_PROJECT_VERSION = 1;
				GENERATE_INFOPLIST_FILE = YES;
				MARKETING_VERSION = 1.0;
				PRODUCT_BUNDLE_IDENTIFIER = Plasmr.ChemGlassUITests;
				PRODUCT_NAME = "$(TARGET_NAME)";
				STRING_CATALOG_GENERATE_SYMBOLS = NO;
				SWIFT_APPROACHABLE_CONCURRENCY = YES;
				SWIFT_EMIT_LOC_STRINGS = NO;
				SWIFT_UPCOMING_FEATURE_MEMBER_IMPORT_VISIBILITY = YES;
				SWIFT_VERSION = 5.0;
				TEST_TARGET_NAME = ChemGlass;
			};
			name = Debug;
		};
		E89F38C92F9C45EF008837CD /* Release */ = {
			isa = XCBuildConfiguration;
			buildSettings = {
				CODE_SIGN_STYLE = Automatic;
				CURRENT_PROJECT_VERSION = 1;
				GENERATE_INFOPLIST_FILE = YES;
				MARKETING_VERSION = 1.0;
				PRODUCT_BUNDLE_IDENTIFIER = Plasmr.ChemGlassUITests;
				PRODUCT_NAME = "$(TARGET_NAME)";
				STRING_CATALOG_GENERATE_SYMBOLS = NO;
				SWIFT_APPROACHABLE_CONCURRENCY = YES;
				SWIFT_EMIT_LOC_STRINGS = NO;
				SWIFT_UPCOMING_FEATURE_MEMBER_IMPORT_VISIBILITY = YES;
				SWIFT_VERSION = 5.0;
				TEST_TARGET_NAME = ChemGlass;
			};
			name = Release;
		};
/* End XCBuildConfiguration section */

/* Begin XCConfigurationList section */
		E89F389B2F9C45EE008837CD /* Build configuration list for PBXProject "ChemGlass" */ = {
			isa = XCConfigurationList;
			buildConfigurations = (
				E89F38BF2F9C45EF008837CD /* Debug */,
				E89F38C02F9C45EF008837CD /* Release */,
			);
			defaultConfigurationIsVisible = 0;
			defaultConfigurationName = Release;
		};
		E89F38C12F9C45EF008837CD /* Build configuration list for PBXNativeTarget "ChemGlass" */ = {
			isa = XCConfigurationList;
			buildConfigurations = (
				E89F38C22F9C45EF008837CD /* Debug */,
				E89F38C32F9C45EF008837CD /* Release */,
			);
			defaultConfigurationIsVisible = 0;
			defaultConfigurationName = Release;
		};
		E89F38C42F9C45EF008837CD /* Build configuration list for PBXNativeTarget "ChemGlassTests" */ = {
			isa = XCConfigurationList;
			buildConfigurations = (
				E89F38C52F9C45EF008837CD /* Debug */,
				E89F38C62F9C45EF008837CD /* Release */,
			);
			defaultConfigurationIsVisible = 0;
			defaultConfigurationName = Release;
		};
		E89F38C72F9C45EF008837CD /* Build configuration list for PBXNativeTarget "ChemGlassUITests" */ = {
			isa = XCConfigurationList;
			buildConfigurations = (
				E89F38C82F9C45EF008837CD /* Debug */,
				E89F38C92F9C45EF008837CD /* Release */,
			);
			defaultConfigurationIsVisible = 0;
			defaultConfigurationName = Release;
		};
/* End XCConfigurationList section */

/* Begin XCRemoteSwiftPackageReference section */
		E89F38D42F9C919D008837CD /* XCRemoteSwiftPackageReference "LaTeXSwiftUI" */ = {
			isa = XCRemoteSwiftPackageReference;
			repositoryURL = "https://github.com/colinc86/LaTeXSwiftUI.git";
			requirement = {
				branch = main;
				kind = branch;
			};
		};
/* End XCRemoteSwiftPackageReference section */

/* Begin XCSwiftPackageProductDependency section */
		E86311602F9C941A00100D2C /* LaTeXSwiftUI */ = {
			isa = XCSwiftPackageProductDependency;
			package = E89F38D42F9C919D008837CD /* XCRemoteSwiftPackageReference "LaTeXSwiftUI" */;
			productName = LaTeXSwiftUI;
		};
		E86311622F9C942200100D2C /* LaTeXSwiftUI */ = {
			isa = XCSwiftPackageProductDependency;
			package = E89F38D42F9C919D008837CD /* XCRemoteSwiftPackageReference "LaTeXSwiftUI" */;
			productName = LaTeXSwiftUI;
		};
		E89F38D62F9C9250008837CD /* LaTeXSwiftUI */ = {
			isa = XCSwiftPackageProductDependency;
			package = E89F38D42F9C919D008837CD /* XCRemoteSwiftPackageReference "LaTeXSwiftUI" */;
			productName = LaTeXSwiftUI;
		};
/* End XCSwiftPackageProductDependency section */
	};
	rootObject = E89F38982F9C45EE008837CD /* Project object */;
}
